github.com/edsrzf/mmap-go v0.0.0-20170320065105-0bce6a688712 h1:aaQcKT9WumO6JEJcRyTqFVq4XUZiUcKR2/GI31TOcz8=
github.com/edsrzf/mmap-go v0.0.0-20170320065105-0bce6a688712/go.mod h1:YO35OhQPt3KJa3ryjFM5Bs14WD66h8eGKpfaBNrHW5M=
github.com/google/go-cmp v0.2.0 h1:+dTQ8DZQJz0Mb/HjFlkptS1FeQ4cWSnN941F8aEG4SQ=
github.com/google/go-cmp v0.2.0/go.mod h1:oXzfMopK8JAjlY9xF4vHSVASa0yLyX7SntLO5aqRK0M=
github.com/pkg/errors v0.8.0 h1:WdK/asTD0HN+q6hsWO3/vpuAkAr+tw6aNJNDFFf0+qw=
github.com/pkg/errors v0.8.0/go.mod h1:bwawxfHBFNV+L2hUp1rHADufV3IMtnDRdf1r5NINEl0=
github.com/sclevine/spec v1.0.0 h1:ILQ08A/CHCz8GGqivOvI54Hy1U40wwcpkf7WtB1MQfY=
github.com/sclevine/spec v1.0.0/go.mod h1:W4J29eT/Kzv7/b9IWLB055Z+qvVC9vt0Arko24q7p+U=
golang.org/x/exp v0.0.0-20180907224206-e88728d35e99 h1:7IN8+ZMp04l/19EF+wsr7NM1jyvcadKINimAtWRyQk8=
golang.org/x/exp v0.0.0-20180907224206-e88728d35e99/go.mod h1:CJ0aWSM057203Lf6IL+f9T1iT9GByDxfZKAQTCR3kQA=
